
Microsoft Visual Studio Solution File, Format Version 12.00
# Visual Studio 15
VisualStudioVersion = 15.0.27428.2043
MinimumVisualStudioVersion = 10.0.40219.1
Project("{FAE04EC0-301F-11D3-BF4B-00C04F79EFBC}") = "SentLogger.Android", "SentLogger\SentLogger.Android\SentLogger.Android.csproj", "{814577BD-2530-4DB3-A985-F3B907E21D22}"
EndProject
Project("{FAE04EC0-301F-11D3-BF4B-00C04F79EFBC}") = "SentLogger.iOS", "SentLogger\SentLogger.iOS\SentLogger.iOS.csproj", "{5C80F2A6-6AF6-48FE-AC81-6DB3F893D6B3}"
EndProject
Project("{FAE04EC0-301F-11D3-BF4B-00C04F79EFBC}") = "SentLogger.UWP", "SentLogger\SentLogger.UWP\SentLogger.UWP.csproj", "{403C14C1-6DEB-4FEF-89CF-C6CB02713C8A}"
EndProject
Project("{9A19103F-16F7-4668-BE54-9A1E7A4F7556}") = "SentLogger", "SentLogger\SentLogger\SentLogger.csproj", "{A5396A43-F1BE-4A77-A26E-ED1C067DE2B2}"
EndProject
Project("{FAE04EC0-301F-11D3-BF4B-00C04F79EFBC}") = "UnitTestSentLogger", "UnitTestSentLogger\UnitTestSentLogger.csproj", "{11CCAAC2-C446-4114-9547-ADA692F587C9}"
EndProject
Global
	GlobalSection(SolutionConfigurationPlatforms) = preSolution
		Ad-Hoc|Any CPU = Ad-Hoc|Any CPU
		Ad-Hoc|ARM = Ad-Hoc|ARM
		Ad-Hoc|iPhone = Ad-Hoc|iPhone
		Ad-Hoc|iPhoneSimulator = Ad-Hoc|iPhoneSimulator
		Ad-Hoc|x64 = Ad-Hoc|x64
		Ad-Hoc|x86 = Ad-Hoc|x86
		AppStore|Any CPU = AppStore|Any CPU
		AppStore|ARM = AppStore|ARM
		AppStore|iPhone = AppStore|iPhone
		AppStore|iPhoneSimulator = AppStore|iPhoneSimulator
		AppStore|x64 = AppStore|x64
		AppStore|x86 = AppStore|x86
		Debug|Any CPU = Debug|Any CPU
		Debug|ARM = Debug|ARM
		Debug|iPhone = Debug|iPhone
		Debug|iPhoneSimulator = Debug|iPhoneSimulator
		Debug|x64 = Debug|x64
		Debug|x86 = Debug|x86
		Release|Any CPU = Release|Any CPU
		Release|ARM = Release|ARM
		Release|iPhone = Release|iPhone
		Release|iPhoneSimulator = Release|iPhoneSimulator
		Release|x64 = Release|x64
		Release|x86 = Release|x86
	EndGlobalSection
	GlobalSection(ProjectConfigurationPlatforms) = postSolution
		{814577BD-2530-4DB3-A985-F3B907E21D22}.Ad-Hoc|Any CPU.ActiveCfg = Release|Any CPU
		{814577BD-2530-4DB3-A985-F3B907E21D22}.Ad-Hoc|Any CPU.Build.0 = Release|Any CPU
		{814577BD-2530-4DB3-A985-F3B907E21D22}.Ad-Hoc|Any CPU.Deploy.0 = Release|Any CPU
		{814577BD-2530-4DB3-A985-F3B907E21D22}.Ad-Hoc|ARM.ActiveCfg = Release|Any CPU
		{814577BD-2530-4DB3-A985-F3B907E21D22}.Ad-Hoc|ARM.Build.0 = Release|Any CPU
		{814577BD-2530-4DB3-A985-F3B907E21D22}.Ad-Hoc|ARM.Deploy.0 = Release|Any CPU
		{814577BD-2530-4DB3-A985-F3B907E21D22}.Ad-Hoc|iPhone.ActiveCfg = Release|Any CPU
		{814577BD-2530-4DB3-A985-F3B907E21D22}.Ad-Hoc|iPhone.Build.0 = Release|Any CPU
		{814577BD-2530-4DB3-A985-F3B907E21D22}.Ad-Hoc|iPhone.Deploy.0 = Release|Any CPU
		{814577BD-2530-4DB3-A985-F3B907E21D22}.Ad-Hoc|iPhoneSimulator.ActiveCfg = Release|Any CPU
		{814577BD-2530-4DB3-A985-F3B907E21D22}.Ad-Hoc|iPhoneSimulator.Build.0 = Release|Any CPU
		{814577BD-2530-4DB3-A985-F3B907E21D22}.Ad-Hoc|iPhoneSimulator.Deploy.0 = Release|Any CPU
		{814577BD-2530-4DB3-A985-F3B907E21D22}.Ad-Hoc|x64.ActiveCfg = Release|Any CPU
		{814577BD-2530-4DB3-A985-F3B907E21D22}.Ad-Hoc|x64.Build.0 = Release|Any CPU
		{814577BD-2530-4DB3-A985-F3B907E21D22}.Ad-Hoc|x64.Deploy.0 = Release|Any CPU
		{814577BD-2530-4DB3-A985-F3B907E21D22}.Ad-Hoc|x86.ActiveCfg = Release|Any CPU
		{814577BD-2530-4DB3-A985-F3B907E21D22}.Ad-Hoc|x86.Build.0 = Release|Any CPU
		{814577BD-2530-4DB3-A985-F3B907E21D22}.Ad-Hoc|x86.Deploy.0 = Release|Any CPU
		{814577BD-2530-4DB3-A985-F3B907E21D22}.AppStore|Any CPU.ActiveCfg = Release|Any CPU
		{814577BD-2530-4DB3-A985-F3B907E21D22}.AppStore|Any CPU.Build.0 = Release|Any CPU
		{814577BD-2530-4DB3-A985-F3B907E21D22}.AppStore|Any CPU.Deploy.0 = Release|Any CPU
		{814577BD-2530-4DB3-A985-F3B907E21D22}.AppStore|ARM.ActiveCfg = Release|Any CPU
		{814577BD-2530-4DB3-A985-F3B907E21D22}.AppStore|ARM.Build.0 = Release|Any CPU
		{814577BD-2530-4DB3-A985-F3B907E21D22}.AppStore|ARM.Deploy.0 = Release|Any CPU
		{814577BD-2530-4DB3-A985-F3B907E21D22}.AppStore|iPhone.ActiveCfg = Release|Any CPU
		{814577BD-2530-4DB3-A985-F3B907E21D22}.AppStore|iPhone.Build.0 = Release|Any CPU
		{814577BD-2530-4DB3-A985-F3B907E21D22}.AppStore|iPhone.Deploy.0 = Release|Any CPU
		{814577BD-2530-4DB3-A985-F3B907E21D22}.AppStore|iPhoneSimulator.ActiveCfg = Release|Any CPU
		{814577BD-2530-4DB3-A985-F3B907E21D22}.AppStore|iPhoneSimulator.Build.0 = Release|Any CPU
		{814577BD-2530-4DB3-A985-F3B907E21D22}.AppStore|iPhoneSimulator.Deploy.0 = Release|Any CPU
		{814577BD-2530-4DB3-A985-F3B907E21D22}.AppStore|x64.ActiveCfg = Release|Any CPU
		{814577BD-2530-4DB3-A985-F3B907E21D22}.AppStore|x64.Build.0 = Release|Any CPU
		{814577BD-2530-4DB3-A985-F3B907E21D22}.AppStore|x64.Deploy.0 = Release|Any CPU
		{814577BD-2530-4DB3-A985-F3B907E21D22}.AppStore|x86.ActiveCfg = Release|Any CPU
		{814577BD-2530-4DB3-A985-F3B907E21D22}.AppStore|x86.Build.0 = Release|Any CPU
		{814577BD-2530-4DB3-A985-F3B907E21D22}.AppStore|x86.Deploy.0 = Release|Any CPU
		{814577BD-2530-4DB3-A985-F3B907E21D22}.Debug|Any CPU.ActiveCfg = Debug|Any CPU
		{814577BD-2530-4DB3-A985-F3B907E21D22}.Debug|Any CPU.Build.0 = Debug|Any CPU
		{814577BD-2530-4DB3-A985-F3B907E21D22}.Debug|Any CPU.Deploy.0 = Debug|Any CPU
		{814577BD-2530-4DB3-A985-F3B907E21D22}.Debug|ARM.ActiveCfg = Debug|Any CPU
		{814577BD-2530-4DB3-A985-F3B907E21D22}.Debug|ARM.Build.0 = Debug|Any CPU
		{814577BD-2530-4DB3-A985-F3B907E21D22}.Debug|ARM.Deploy.0 = Debug|Any CPU
		{814577BD-2530-4DB3-A985-F3B907E21D22}.Debug|iPhone.ActiveCfg = Debug|Any CPU
		{814577BD-2530-4DB3-A985-F3B907E21D22}.Debug|iPhone.Build.0 = Debug|Any CPU
		{814577BD-2530-4DB3-A985-F3B907E21D22}.Debug|iPhone.Deploy.0 = Debug|Any CPU
		{814577BD-2530-4DB3-A985-F3B907E21D22}.Debug|iPhoneSimulator.ActiveCfg = Debug|Any CPU
		{814577BD-2530-4DB3-A985-F3B907E21D22}.Debug|iPhoneSimulator.Build.0 = Debug|Any CPU
		{814577BD-2530-4DB3-A985-F3B907E21D22}.Debug|iPhoneSimulator.Deploy.0 = Debug|Any CPU
		{814577BD-2530-4DB3-A985-F3B907E21D22}.Debug|x64.ActiveCfg = Debug|Any CPU
		{814577BD-2530-4DB3-A985-F3B907E21D22}.Debug|x64.Build.0 = Debug|Any CPU
		{814577BD-2530-4DB3-A985-F3B907E21D22}.Debug|x64.Deploy.0 = Debug|Any CPU
		{814577BD-2530-4DB3-A985-F3B907E21D22}.Debug|x86.ActiveCfg = Debug|Any CPU
		{814577BD-2530-4DB3-A985-F3B907E21D22}.Debug|x86.Build.0 = Debug|Any CPU
		{814577BD-2530-4DB3-A985-F3B907E21D22}.Debug|x86.Deploy.0 = Debug|Any CPU
		{814577BD-2530-4DB3-A985-F3B907E21D22}.Release|Any CPU.ActiveCfg = Release|Any CPU
		{814577BD-2530-4DB3-A985-F3B907E21D22}.Release|Any CPU.Build.0 = Release|Any CPU
		{814577BD-2530-4DB3-A985-F3B907E21D22}.Release|Any CPU.Deploy.0 = Release|Any CPU
		{814577BD-2530-4DB3-A985-F3B907E21D22}.Release|ARM.ActiveCfg = Release|Any CPU
		{814577BD-2530-4DB3-A985-F3B907E21D22}.Release|ARM.Build.0 = Release|Any CPU
		{814577BD-2530-4DB3-A985-F3B907E21D22}.Release|ARM.Deploy.0 = Release|Any CPU
		{814577BD-2530-4DB3-A985-F3B907E21D22}.Release|iPhone.ActiveCfg = Release|Any CPU
		{814577BD-2530-4DB3-A985-F3B907E21D22}.Release|iPhone.Build.0 = Release|Any CPU
		{814577BD-2530-4DB3-A985-F3B907E21D22}.Release|iPhone.Deploy.0 = Release|Any CPU
		{814577BD-2530-4DB3-A985-F3B907E21D22}.Release|iPhoneSimulator.ActiveCfg = Release|Any CPU
		{814577BD-2530-4DB3-A985-F3B907E21D22}.Release|iPhoneSimulator.Build.0 = Release|Any CPU
		{814577BD-2530-4DB3-A985-F3B907E21D22}.Release|iPhoneSimulator.Deploy.0 = Release|Any CPU
		{814577BD-2530-4DB3-A985-F3B907E21D22}.Release|x64.ActiveCfg = Release|Any CPU
		{814577BD-2530-4DB3-A985-F3B907E21D22}.Release|x64.Build.0 = Release|Any CPU
		{814577BD-2530-4DB3-A985-F3B907E21D22}.Release|x64.Deploy.0 = Release|Any CPU
		{814577BD-2530-4DB3-A985-F3B907E21D22}.Release|x86.ActiveCfg = Release|Any CPU
		{814577BD-2530-4DB3-A985-F3B907E21D22}.Release|x86.Build.0 = Release|Any CPU
		{814577BD-2530-4DB3-A985-F3B907E21D22}.Release|x86.Deploy.0 = Release|Any CPU
		{5C80F2A6-6AF6-48FE-AC81-6DB3F893D6B3}.Ad-Hoc|Any CPU.ActiveCfg = Ad-Hoc|iPhone
		{5C80F2A6-6AF6-48FE-AC81-6DB3F893D6B3}.Ad-Hoc|ARM.ActiveCfg = Ad-Hoc|iPhone
		{5C80F2A6-6AF6-48FE-AC81-6DB3F893D6B3}.Ad-Hoc|iPhone.ActiveCfg = Ad-Hoc|iPhone
		{5C80F2A6-6AF6-48FE-AC81-6DB3F893D6B3}.Ad-Hoc|iPhone.Build.0 = Ad-Hoc|iPhone
		{5C80F2A6-6AF6-48FE-AC81-6DB3F893D6B3}.Ad-Hoc|iPhoneSimulator.ActiveCfg = Ad-Hoc|iPhoneSimulator
		{5C80F2A6-6AF6-48FE-AC81-6DB3F893D6B3}.Ad-Hoc|iPhoneSimulator.Build.0 = Ad-Hoc|iPhoneSimulator
		{5C80F2A6-6AF6-48FE-AC81-6DB3F893D6B3}.Ad-Hoc|x64.ActiveCfg = Ad-Hoc|iPhone
		{5C80F2A6-6AF6-48FE-AC81-6DB3F893D6B3}.Ad-Hoc|x86.ActiveCfg = Ad-Hoc|iPhone
		{5C80F2A6-6AF6-48FE-AC81-6DB3F893D6B3}.AppStore|Any CPU.ActiveCfg = AppStore|iPhone
		{5C80F2A6-6AF6-48FE-AC81-6DB3F893D6B3}.AppStore|ARM.ActiveCfg = AppStore|iPhone
		{5C80F2A6-6AF6-48FE-AC81-6DB3F893D6B3}.AppStore|iPhone.ActiveCfg = AppStore|iPhone
		{5C80F2A6-6AF6-48FE-AC81-6DB3F893D6B3}.AppStore|iPhone.Build.0 = AppStore|iPhone
		{5C80F2A6-6AF6-48FE-AC81-6DB3F893D6B3}.AppStore|iPhoneSimulator.ActiveCfg = AppStore|iPhoneSimulator
		{5C80F2A6-6AF6-48FE-AC81-6DB3F893D6B3}.AppStore|iPhoneSimulator.Build.0 = AppStore|iPhoneSimulator
		{5C80F2A6-6AF6-48FE-AC81-6DB3F893D6B3}.AppStore|x64.ActiveCfg = AppStore|iPhone
		{5C80F2A6-6AF6-48FE-AC81-6DB3F893D6B3}.AppStore|x86.ActiveCfg = AppStore|iPhone
		{5C80F2A6-6AF6-48FE-AC81-6DB3F893D6B3}.Debug|Any CPU.ActiveCfg = Debug|iPhone
		{5C80F2A6-6AF6-48FE-AC81-6DB3F893D6B3}.Debug|ARM.ActiveCfg = Debug|iPhone
		{5C80F2A6-6AF6-48FE-AC81-6DB3F893D6B3}.Debug|iPhone.ActiveCfg = Debug|iPhone
		{5C80F2A6-6AF6-48FE-AC81-6DB3F893D6B3}.Debug|iPhone.Build.0 = Debug|iPhone
		{5C80F2A6-6AF6-48FE-AC81-6DB3F893D6B3}.Debug|iPhoneSimulator.ActiveCfg = Debug|iPhoneSimulator
		{5C80F2A6-6AF6-48FE-AC81-6DB3F893D6B3}.Debug|iPhoneSimulator.Build.0 = Debug|iPhoneSimulator
		{5C80F2A6-6AF6-48FE-AC81-6DB3F893D6B3}.Debug|x64.ActiveCfg = Debug|iPhone
		{5C80F2A6-6AF6-48FE-AC81-6DB3F893D6B3}.Debug|x86.ActiveCfg = Debug|iPhone
		{5C80F2A6-6AF6-48FE-AC81-6DB3F893D6B3}.Release|Any CPU.ActiveCfg = Release|iPhone
		{5C80F2A6-6AF6-48FE-AC81-6DB3F893D6B3}.Release|ARM.ActiveCfg = Release|iPhone
		{5C80F2A6-6AF6-48FE-AC81-6DB3F893D6B3}.Release|iPhone.ActiveCfg = Release|iPhone
		{5C80F2A6-6AF6-48FE-AC81-6DB3F893D6B3}.Release|iPhone.Build.0 = Release|iPhone
		{5C80F2A6-6AF6-48FE-AC81-6DB3F893D6B3}.Release|iPhoneSimulator.ActiveCfg = Release|iPhoneSimulator
		{5C80F2A6-6AF6-48FE-AC81-6DB3F893D6B3}.Release|iPhoneSimulator.Build.0 = Release|iPhoneSimulator
		{5C80F2A6-6AF6-48FE-AC81-6DB3F893D6B3}.Release|x64.ActiveCfg = Release|iPhone
		{5C80F2A6-6AF6-48FE-AC81-6DB3F893D6B3}.Release|x86.ActiveCfg = Release|iPhone
		{403C14C1-6DEB-4FEF-89CF-C6CB02713C8A}.Ad-Hoc|Any CPU.ActiveCfg = Release|x86
		{403C14C1-6DEB-4FEF-89CF-C6CB02713C8A}.Ad-Hoc|Any CPU.Build.0 = Release|x86
		{403C14C1-6DEB-4FEF-89CF-C6CB02713C8A}.Ad-Hoc|Any CPU.Deploy.0 = Release|x86
		{403C14C1-6DEB-4FEF-89CF-C6CB02713C8A}.Ad-Hoc|ARM.ActiveCfg = Release|ARM
		{403C14C1-6DEB-4FEF-89CF-C6CB02713C8A}.Ad-Hoc|ARM.Build.0 = Release|ARM
		{403C14C1-6DEB-4FEF-89CF-C6CB02713C8A}.Ad-Hoc|ARM.Deploy.0 = Release|ARM
		{403C14C1-6DEB-4FEF-89CF-C6CB02713C8A}.Ad-Hoc|iPhone.ActiveCfg = Release|x86
		{403C14C1-6DEB-4FEF-89CF-C6CB02713C8A}.Ad-Hoc|iPhone.Build.0 = Release|x86
		{403C14C1-6DEB-4FEF-89CF-C6CB02713C8A}.Ad-Hoc|iPhone.Deploy.0 = Release|x86
		{403C14C1-6DEB-4FEF-89CF-C6CB02713C8A}.Ad-Hoc|iPhoneSimulator.ActiveCfg = Release|x86
		{403C14C1-6DEB-4FEF-89CF-C6CB02713C8A}.Ad-Hoc|iPhoneSimulator.Build.0 = Release|x86
		{403C14C1-6DEB-4FEF-89CF-C6CB02713C8A}.Ad-Hoc|iPhoneSimulator.Deploy.0 = Release|x86
		{403C14C1-6DEB-4FEF-89CF-C6CB02713C8A}.Ad-Hoc|x64.ActiveCfg = Release|x64
		{403C14C1-6DEB-4FEF-89CF-C6CB02713C8A}.Ad-Hoc|x64.Build.0 = Release|x64
		{403C14C1-6DEB-4FEF-89CF-C6CB02713C8A}.Ad-Hoc|x64.Deploy.0 = Release|x64
		{403C14C1-6DEB-4FEF-89CF-C6CB02713C8A}.Ad-Hoc|x86.ActiveCfg = Release|x86
		{403C14C1-6DEB-4FEF-89CF-C6CB02713C8A}.Ad-Hoc|x86.Build.0 = Release|x86
		{403C14C1-6DEB-4FEF-89CF-C6CB02713C8A}.Ad-Hoc|x86.Deploy.0 = Release|x86
		{403C14C1-6DEB-4FEF-89CF-C6CB02713C8A}.AppStore|Any CPU.ActiveCfg = Release|x86
		{403C14C1-6DEB-4FEF-89CF-C6CB02713C8A}.AppStore|Any CPU.Build.0 = Release|x86
		{403C14C1-6DEB-4FEF-89CF-C6CB02713C8A}.AppStore|Any CPU.Deploy.0 = Release|x86
		{403C14C1-6DEB-4FEF-89CF-C6CB02713C8A}.AppStore|ARM.ActiveCfg = Release|ARM
		{403C14C1-6DEB-4FEF-89CF-C6CB02713C8A}.AppStore|ARM.Build.0 = Release|ARM
		{403C14C1-6DEB-4FEF-89CF-C6CB02713C8A}.AppStore|ARM.Deploy.0 = Release|ARM
		{403C14C1-6DEB-4FEF-89CF-C6CB02713C8A}.AppStore|iPhone.ActiveCfg = Release|x86
		{403C14C1-6DEB-4FEF-89CF-C6CB02713C8A}.AppStore|iPhone.Build.0 = Release|x86
		{403C14C1-6DEB-4FEF-89CF-C6CB02713C8A}.AppStore|iPhone.Deploy.0 = Release|x86
		{403C14C1-6DEB-4FEF-89CF-C6CB02713C8A}.AppStore|iPhoneSimulator.ActiveCfg = Release|x86
		{403C14C1-6DEB-4FEF-89CF-C6CB02713C8A}.AppStore|iPhoneSimulator.Build.0 = Release|x86
		{403C14C1-6DEB-4FEF-89CF-C6CB02713C8A}.AppStore|iPhoneSimulator.Deploy.0 = Release|x86
		{403C14C1-6DEB-4FEF-89CF-C6CB02713C8A}.AppStore|x64.ActiveCfg = Release|x64
		{403C14C1-6DEB-4FEF-89CF-C6CB02713C8A}.AppStore|x64.Build.0 = Release|x64
		{403C14C1-6DEB-4FEF-89CF-C6CB02713C8A}.AppStore|x64.Deploy.0 = Release|x64
		{403C14C1-6DEB-4FEF-89CF-C6CB02713C8A}.AppStore|x86.ActiveCfg = Release|x86
		{403C14C1-6DEB-4FEF-89CF-C6CB02713C8A}.AppStore|x86.Build.0 = Release|x86
		{403C14C1-6DEB-4FEF-89CF-C6CB02713C8A}.AppStore|x86.Deploy.0 = Release|x86
		{403C14C1-6DEB-4FEF-89CF-C6CB02713C8A}.Debug|Any CPU.ActiveCfg = Debug|x86
		{403C14C1-6DEB-4FEF-89CF-C6CB02713C8A}.Debug|ARM.ActiveCfg = Debug|ARM
		{403C14C1-6DEB-4FEF-89CF-C6CB02713C8A}.Debug|ARM.Build.0 = Debug|ARM
		{403C14C1-6DEB-4FEF-89CF-C6CB02713C8A}.Debug|ARM.Deploy.0 = Debug|ARM
		{403C14C1-6DEB-4FEF-89CF-C6CB02713C8A}.Debug|iPhone.ActiveCfg = Debug|x86
		{403C14C1-6DEB-4FEF-89CF-C6CB02713C8A}.Debug|iPhoneSimulator.ActiveCfg = Debug|x86
		{403C14C1-6DEB-4FEF-89CF-C6CB02713C8A}.Debug|x64.ActiveCfg = Debug|x64
		{403C14C1-6DEB-4FEF-89CF-C6CB02713C8A}.Debug|x64.Build.0 = Debug|x64
		{403C14C1-6DEB-4FEF-89CF-C6CB02713C8A}.Debug|x64.Deploy.0 = Debug|x64
		{403C14C1-6DEB-4FEF-89CF-C6CB02713C8A}.Debug|x86.ActiveCfg = Debug|x86
		{403C14C1-6DEB-4FEF-89CF-C6CB02713C8A}.Debug|x86.Build.0 = Debug|x86
		{403C14C1-6DEB-4FEF-89CF-C6CB02713C8A}.Debug|x86.Deploy.0 = Debug|x86
		{403C14C1-6DEB-4FEF-89CF-C6CB02713C8A}.Release|Any CPU.ActiveCfg = Release|x86
		{403C14C1-6DEB-4FEF-89CF-C6CB02713C8A}.Release|ARM.ActiveCfg = Release|ARM
		{403C14C1-6DEB-4FEF-89CF-C6CB02713C8A}.Release|ARM.Build.0 = Release|ARM
		{403C14C1-6DEB-4FEF-89CF-C6CB02713C8A}.Release|ARM.Deploy.0 = Release|ARM
		{403C14C1-6DEB-4FEF-89CF-C6CB02713C8A}.Release|iPhone.ActiveCfg = Release|x86
		{403C14C1-6DEB-4FEF-89CF-C6CB02713C8A}.Release|iPhoneSimulator.ActiveCfg = Release|x86
		{403C14C1-6DEB-4FEF-89CF-C6CB02713C8A}.Release|x64.ActiveCfg = Release|x64
		{403C14C1-6DEB-4FEF-89CF-C6CB02713C8A}.Release|x64.Build.0 = Release|x64
		{403C14C1-6DEB-4FEF-89CF-C6CB02713C8A}.Release|x64.Deploy.0 = Release|x64
		{403C14C1-6DEB-4FEF-89CF-C6CB02713C8A}.Release|x86.ActiveCfg = Release|x86
		{403C14C1-6DEB-4FEF-89CF-C6CB02713C8A}.Release|x86.Build.0 = Release|x86
		{403C14C1-6DEB-4FEF-89CF-C6CB02713C8A}.Release|x86.Deploy.0 = Release|x86
		{A5396A43-F1BE-4A77-A26E-ED1C067DE2B2}.Ad-Hoc|Any CPU.ActiveCfg = Debug|Any CPU
		{A5396A43-F1BE-4A77-A26E-ED1C067DE2B2}.Ad-Hoc|Any CPU.Build.0 = Debug|Any CPU
		{A5396A43-F1BE-4A77-A26E-ED1C067DE2B2}.Ad-Hoc|ARM.ActiveCfg = Debug|Any CPU
		{A5396A43-F1BE-4A77-A26E-ED1C067DE2B2}.Ad-Hoc|ARM.Build.0 = Debug|Any CPU
		{A5396A43-F1BE-4A77-A26E-ED1C067DE2B2}.Ad-Hoc|iPhone.ActiveCfg = Debug|Any CPU
		{A5396A43-F1BE-4A77-A26E-ED1C067DE2B2}.Ad-Hoc|iPhone.Build.0 = Debug|Any CPU
		{A5396A43-F1BE-4A77-A26E-ED1C067DE2B2}.Ad-Hoc|iPhoneSimulator.ActiveCfg = Debug|Any CPU
		{A5396A43-F1BE-4A77-A26E-ED1C067DE2B2}.Ad-Hoc|iPhoneSimulator.Build.0 = Debug|Any CPU
		{A5396A43-F1BE-4A77-A26E-ED1C067DE2B2}.Ad-Hoc|x64.ActiveCfg = Debug|Any CPU
		{A5396A43-F1BE-4A77-A26E-ED1C067DE2B2}.Ad-Hoc|x64.Build.0 = Debug|Any CPU
		{A5396A43-F1BE-4A77-A26E-ED1C067DE2B2}.Ad-Hoc|x86.ActiveCfg = Debug|Any CPU
		{A5396A43-F1BE-4A77-A26E-ED1C067DE2B2}.Ad-Hoc|x86.Build.0 = Debug|Any CPU
		{A5396A43-F1BE-4A77-A26E-ED1C067DE2B2}.AppStore|Any CPU.ActiveCfg = Debug|Any CPU
		{A5396A43-F1BE-4A77-A26E-ED1C067DE2B2}.AppStore|Any CPU.Build.0 = Debug|Any CPU
		{A5396A43-F1BE-4A77-A26E-ED1C067DE2B2}.AppStore|ARM.ActiveCfg = Debug|Any CPU
		{A5396A43-F1BE-4A77-A26E-ED1C067DE2B2}.AppStore|ARM.Build.0 = Debug|Any CPU
		{A5396A43-F1BE-4A77-A26E-ED1C067DE2B2}.AppStore|iPhone.ActiveCfg = Debug|Any CPU
		{A5396A43-F1BE-4A77-A26E-ED1C067DE2B2}.AppStore|iPhone.Build.0 = Debug|Any CPU
		{A5396A43-F1BE-4A77-A26E-ED1C067DE2B2}.AppStore|iPhoneSimulator.ActiveCfg = Debug|Any CPU
		{A5396A43-F1BE-4A77-A26E-ED1C067DE2B2}.AppStore|iPhoneSimulator.Build.0 = Debug|Any CPU
		{A5396A43-F1BE-4A77-A26E-ED1C067DE2B2}.AppStore|x64.ActiveCfg = Debug|Any CPU
		{A5396A43-F1BE-4A77-A26E-ED1C067DE2B2}.AppStore|x64.Build.0 = Debug|Any CPU
		{A5396A43-F1BE-4A77-A26E-ED1C067DE2B2}.AppStore|x86.ActiveCfg = Debug|Any CPU
		{A5396A43-F1BE-4A77-A26E-ED1C067DE2B2}.AppStore|x86.Build.0 = Debug|Any CPU
		{A5396A43-F1BE-4A77-A26E-ED1C067DE2B2}.Debug|Any CPU.ActiveCfg = Debug|Any CPU
		{A5396A43-F1BE-4A77-A26E-ED1C067DE2B2}.Debug|Any CPU.Build.0 = Debug|Any CPU
		{A5396A43-F1BE-4A77-A26E-ED1C067DE2B2}.Debug|ARM.ActiveCfg = Debug|Any CPU
		{A5396A43-F1BE-4A77-A26E-ED1C067DE2B2}.Debug|ARM.Build.0 = Debug|Any CPU
		{A5396A43-F1BE-4A77-A26E-ED1C067DE2B2}.Debug|iPhone.ActiveCfg = Debug|Any CPU
		{A5396A43-F1BE-4A77-A26E-ED1C067DE2B2}.Debug|iPhone.Build.0 = Debug|Any CPU
		{A5396A43-F1BE-4A77-A26E-ED1C067DE2B2}.Debug|iPhoneSimulator.ActiveCfg = Debug|Any CPU
		{A5396A43-F1BE-4A77-A26E-ED1C067DE2B2}.Debug|iPhoneSimulator.Build.0 = Debug|Any CPU
		{A5396A43-F1BE-4A77-A26E-ED1C067DE2B2}.Debug|x64.ActiveCfg = Debug|Any CPU
		{A5396A43-F1BE-4A77-A26E-ED1C067DE2B2}.Debug|x64.Build.0 = Debug|Any CPU
		{A5396A43-F1BE-4A77-A26E-ED1C067DE2B2}.Debug|x86.ActiveCfg = Debug|Any CPU
		{A5396A43-F1BE-4A77-A26E-ED1C067DE2B2}.Debug|x86.Build.0 = Debug|Any CPU
		{A5396A43-F1BE-4A77-A26E-ED1C067DE2B2}.Release|Any CPU.ActiveCfg = Release|Any CPU
		{A5396A43-F1BE-4A77-A26E-ED1C067DE2B2}.Release|Any CPU.Build.0 = Release|Any CPU
		{A5396A43-F1BE-4A77-A26E-ED1C067DE2B2}.Release|ARM.ActiveCfg = Release|Any CPU
		{A5396A43-F1BE-4A77-A26E-ED1C067DE2B2}.Release|ARM.Build.0 = Release|Any CPU
		{A5396A43-F1BE-4A77-A26E-ED1C067DE2B2}.Release|iPhone.ActiveCfg = Release|Any CPU
		{A5396A43-F1BE-4A77-A26E-ED1C067DE2B2}.Release|iPhone.Build.0 = Release|Any CPU
		{A5396A43-F1BE-4A77-A26E-ED1C067DE2B2}.Release|iPhoneSimulator.ActiveCfg = Release|Any CPU
		{A5396A43-F1BE-4A77-A26E-ED1C067DE2B2}.Release|iPhoneSimulator.Build.0 = Release|Any CPU
		{A5396A43-F1BE-4A77-A26E-ED1C067DE2B2}.Release|x64.ActiveCfg = Release|Any CPU
		{A5396A43-F1BE-4A77-A26E-ED1C067DE2B2}.Release|x64.Build.0 = Release|Any CPU
		{A5396A43-F1BE-4A77-A26E-ED1C067DE2B2}.Release|x86.ActiveCfg = Release|Any CPU
		{A5396A43-F1BE-4A77-A26E-ED1C067DE2B2}.Release|x86.Build.0 = Release|Any CPU
		{11CCAAC2-C446-4114-9547-ADA692F587C9}.Ad-Hoc|Any CPU.ActiveCfg = Release|Any CPU
		{11CCAAC2-C446-4114-9547-ADA692F587C9}.Ad-Hoc|Any CPU.Build.0 = Release|Any CPU
		{11CCAAC2-C446-4114-9547-ADA692F587C9}.Ad-Hoc|ARM.ActiveCfg = Release|Any CPU
		{11CCAAC2-C446-4114-9547-ADA692F587C9}.Ad-Hoc|ARM.Build.0 = Release|Any CPU
		{11CCAAC2-C446-4114-9547-ADA692F587C9}.Ad-Hoc|iPhone.ActiveCfg = Release|Any CPU
		{11CCAAC2-C446-4114-9547-ADA692F587C9}.Ad-Hoc|iPhone.Build.0 = Release|Any CPU
		{11CCAAC2-C446-4114-9547-ADA692F587C9}.Ad-Hoc|iPhoneSimulator.ActiveCfg = Release|Any CPU
		{11CCAAC2-C446-4114-9547-ADA692F587C9}.Ad-Hoc|iPhoneSimulator.Build.0 = Release|Any CPU
		{11CCAAC2-C446-4114-9547-ADA692F587C9}.Ad-Hoc|x64.ActiveCfg = Release|Any CPU
		{11CCAAC2-C446-4114-9547-ADA692F587C9}.Ad-Hoc|x64.Build.0 = Release|Any CPU
		{11CCAAC2-C446-4114-9547-ADA692F587C9}.Ad-Hoc|x86.ActiveCfg = Release|Any CPU
		{11CCAAC2-C446-4114-9547-ADA692F587C9}.Ad-Hoc|x86.Build.0 = Release|Any CPU
		{11CCAAC2-C446-4114-9547-ADA692F587C9}.AppStore|Any CPU.ActiveCfg = Release|Any CPU
		{11CCAAC2-C446-4114-9547-ADA692F587C9}.AppStore|Any CPU.Build.0 = Release|Any CPU
		{11CCAAC2-C446-4114-9547-ADA692F587C9}.AppStore|ARM.ActiveCfg = Release|Any CPU
		{11CCAAC2-C446-4114-9547-ADA692F587C9}.AppStore|ARM.Build.0 = Release|Any CPU
		{11CCAAC2-C446-4114-9547-ADA692F587C9}.AppStore|iPhone.ActiveCfg = Release|Any CPU
		{11CCAAC2-C446-4114-9547-ADA692F587C9}.AppStore|iPhone.Build.0 = Release|Any CPU
		{11CCAAC2-C446-4114-9547-ADA692F587C9}.AppStore|iPhoneSimulator.ActiveCfg = Release|Any CPU
		{11CCAAC2-C446-4114-9547-ADA692F587C9}.AppStore|iPhoneSimulator.Build.0 = Release|Any CPU
		{11CCAAC2-C446-4114-9547-ADA692F587C9}.AppStore|x64.ActiveCfg = Release|Any CPU
		{11CCAAC2-C446-4114-9547-ADA692F587C9}.AppStore|x64.Build.0 = Release|Any CPU
		{11CCAAC2-C446-4114-9547-ADA692F587C9}.AppStore|x86.ActiveCfg = Release|Any CPU
		{11CCAAC2-C446-4114-9547-ADA692F587C9}.AppStore|x86.Build.0 = Release|Any CPU
		{11CCAAC2-C446-4114-9547-ADA692F587C9}.Debug|Any CPU.ActiveCfg = Debug|Any CPU
		{11CCAAC2-C446-4114-9547-ADA692F587C9}.Debug|Any CPU.Build.0 = Debug|Any CPU
		{11CCAAC2-C446-4114-9547-ADA692F587C9}.Debug|ARM.ActiveCfg = Debug|Any CPU
		{11CCAAC2-C446-4114-9547-ADA692F587C9}.Debug|ARM.Build.0 = Debug|Any CPU
		{11CCAAC2-C446-4114-9547-ADA692F587C9}.Debug|iPhone.ActiveCfg = Debug|Any CPU
		{11CCAAC2-C446-4114-9547-ADA692F587C9}.Debug|iPhone.Build.0 = Debug|Any CPU
		{11CCAAC2-C446-4114-9547-ADA692F587C9}.Debug|iPhoneSimulator.ActiveCfg = Debug|Any CPU
		{11CCAAC2-C446-4114-9547-ADA692F587C9}.Debug|iPhoneSimulator.Build.0 = Debug|Any CPU
		{11CCAAC2-C446-4114-9547-ADA692F587C9}.Debug|x64.ActiveCfg = Debug|Any CPU
		{11CCAAC2-C446-4114-9547-ADA692F587C9}.Debug|x64.Build.0 = Debug|Any CPU
		{11CCAAC2-C446-4114-9547-ADA692F587C9}.Debug|x86.ActiveCfg = Debug|Any CPU
		{11CCAAC2-C446-4114-9547-ADA692F587C9}.Debug|x86.Build.0 = Debug|Any CPU
		{11CCAAC2-C446-4114-9547-ADA692F587C9}.Release|Any CPU.ActiveCfg = Release|Any CPU
		{11CCAAC2-C446-4114-9547-ADA692F587C9}.Release|Any CPU.Build.0 = Release|Any CPU
		{11CCAAC2-C446-4114-9547-ADA692F587C9}.Release|ARM.ActiveCfg = Release|Any CPU
		{11CCAAC2-C446-4114-9547-ADA692F587C9}.Release|ARM.Build.0 = Release|Any CPU
		{11CCAAC2-C446-4114-9547-ADA692F587C9}.Release|iPhone.ActiveCfg = Release|Any CPU
		{11CCAAC2-C446-4114-9547-ADA692F587C9}.Release|iPhone.Build.0 = Release|Any CPU
		{11CCAAC2-C446-4114-9547-ADA692F587C9}.Release|iPhoneSimulator.ActiveCfg = Release|Any CPU
		{11CCAAC2-C446-4114-9547-ADA692F587C9}.Release|iPhoneSimulator.Build.0 = Release|Any CPU
		{11CCAAC2-C446-4114-9547-ADA692F587C9}.Release|x64.ActiveCfg = Release|Any CPU
		{11CCAAC2-C446-4114-9547-ADA692F587C9}.Release|x64.Build.0 = Release|Any CPU
		{11CCAAC2-C446-4114-9547-ADA692F587C9}.Release|x86.ActiveCfg = Release|Any CPU
		{11CCAAC2-C446-4114-9547-ADA692F587C9}.Release|x86.Build.0 = Release|Any CPU
	EndGlobalSection
	GlobalSection(SolutionProperties) = preSolution
		HideSolutionNode = FALSE
	EndGlobalSection
	GlobalSection(ExtensibilityGlobals) = postSolution
		SolutionGuid = {4189D893-6CC2-460B-A8E1-1C8F5414B245}
	EndGlobalSection
EndGlobal
